
Microsoft Visual Studio Solution File, Format Version 12.00
# Visual Studio Version 17
VisualStudioVersion = 17.14.37012.4 d17.14
MinimumVisualStudioVersion = 10.0.40219.1
Project("{FAE04EC0-301F-11D3-BF4B-00C04F79EFBC}") = "ASP.NET aplikacija", "ASP.NET aplikacija.csproj", "{EC814C96-1575-494E-A7D0-D01AD515AC38}"
EndProject
Global
	GlobalSection(SolutionConfigurationPlatforms) = preSolution
		Debug|Any CPU = Debug|Any CPU
		Release|Any CPU = Release|Any CPU
	EndGlobalSection
	GlobalSection(ProjectConfigurationPlatforms) = postSolution
		{EC814C96-1575-494E-A7D0-D01AD515AC38}.Debug|Any CPU.ActiveCfg = Debug|Any CPU
		{EC814C96-1575-494E-A7D0-D01AD515AC38}.Debug|Any CPU.Build.0 = Debug|Any CPU
		{EC814C96-1575-494E-A7D0-D01AD515AC38}.Release|Any CPU.ActiveCfg = Release|Any CPU
		{EC814C96-1575-494E-A7D0-D01AD515AC38}.Release|Any CPU.Build.0 = Release|Any CPU
	EndGlobalSection
	GlobalSection(SolutionProperties) = preSolution
		HideSolutionNode = FALSE
	EndGlobalSection
	GlobalSection(ExtensibilityGlobals) = postSolution
		SolutionGuid = {E61B28EA-E329-48A0-8802-5087E47CCBCE}
	EndGlobalSection
EndGlobal
